
Microsoft Visual Studio Solution File, Format Version 12.00
# Visual Studio Version 16
VisualStudioVersion = 16.0.30011.22
MinimumVisualStudioVersion = 10.0.40219.1
Project("{FAE04EC0-301F-11D3-BF4B-00C04F79EFBC}") = "Test", "Test\Test.csproj", "{F636B9E6-B612-48E2-B1F6-F45BE3F0CCE8}"
EndProject
Global
	GlobalSection(SolutionConfigurationPlatforms) = preSolution
		Debug|Any CPU = Debug|Any CPU
		Release|Any CPU = Release|Any CPU
	EndGlobalSection
	GlobalSection(ProjectConfigurationPlatforms) = postSolution
		{F636B9E6-B612-48E2-B1F6-F45BE3F0CCE8}.Debug|Any CPU.ActiveCfg = Debug|Any CPU
		{F636B9E6-B612-48E2-B1F6-F45BE3F0CCE8}.Debug|Any CPU.Build.0 = Debug|Any CPU
		{F636B9E6-B612-48E2-B1F6-F45BE3F0CCE8}.Release|Any CPU.ActiveCfg = Release|Any CPU
		{F636B9E6-B612-48E2-B1F6-F45BE3F0CCE8}.Release|Any CPU.Build.0 = Release|Any CPU
	EndGlobalSection
	GlobalSection(SolutionProperties) = preSolution
		HideSolutionNode = FALSE
	EndGlobalSection
	GlobalSection(ExtensibilityGlobals) = postSolution
		SolutionGuid = {A4C5524E-E782-452A-9775-D45C4D640B3D}
	EndGlobalSection
EndGlobal
